
Microsoft Visual Studio Solution File, Format Version 12.00
# Visual Studio Version 17
VisualStudioVersion = 17.5.33627.172
MinimumVisualStudioVersion = 10.0.40219.1
Project("{2150E333-8FDC-42A3-9474-1A3956D46DE8}") = "src", "src", "{05A2F7B2-A9D7-4B8D-AE85-B7262DC46451}"
EndProject
Project("{2150E333-8FDC-42A3-9474-1A3956D46DE8}") = "Services", "Services", "{BF813784-B655-4074-B319-6BBCCD5EA574}"
EndProject
Project("{2150E333-8FDC-42A3-9474-1A3956D46DE8}") = "Solution Items", "Solution Items", "{B0F9CECA-F5C1-4DD0-A809-BBAEDEA0F572}"
	ProjectSection(SolutionItems) = preProject
		.gitignore = .gitignore
		.env = .env
		docker-compose.yml = docker-compose.yml
	EndProjectSection
EndProject
Project("{2150E333-8FDC-42A3-9474-1A3956D46DE8}") = "CatalogService", "CatalogService", "{89468468-71AB-4844-8E00-274A036F2EF9}"
EndProject
Project("{2150E333-8FDC-42A3-9474-1A3956D46DE8}") = "GatewayServices", "GatewayServices", "{49BC4206-4301-4B9D-B8E2-21F482E71C42}"
EndProject
Project("{2150E333-8FDC-42A3-9474-1A3956D46DE8}") = "Localization", "Localization", "{B1AF5E6A-44D2-40EB-A918-E3E4D941BD79}"
EndProject
Project("{9A19103F-16F7-4668-BE54-9A1E7A4F7556}") = "Localization.Core", "src\Services\Localization\Localization.Core\Localization.Core.csproj", "{398CA54E-6CED-4343-A0F2-D9E0B4273E9A}"
EndProject
Project("{9A19103F-16F7-4668-BE54-9A1E7A4F7556}") = "Localization.Application", "src\Services\Localization\Localization.Application\Localization.Application.csproj", "{269B4A35-A230-4B1E-B7CB-0D8C62FDAF68}"
EndProject
Project("{9A19103F-16F7-4668-BE54-9A1E7A4F7556}") = "Localization.Infrastructure", "src\Services\Localization\Localization.Infrastructure\Localization.Infrastructure.csproj", "{899FA415-8926-4E67-9523-24316AFED598}"
EndProject
Project("{9A19103F-16F7-4668-BE54-9A1E7A4F7556}") = "Localization.API", "src\Services\Localization\Localization.API\Localization.API.csproj", "{B6F0B294-76CF-41A0-A13D-F17B2D85C1AC}"
EndProject
Project("{9A19103F-16F7-4668-BE54-9A1E7A4F7556}") = "GatewayService", "src\Services\GatewayService\GatewayService.csproj", "{2C23EB09-612F-433C-A378-604AFD0E74EF}"
EndProject
Project("{9A19103F-16F7-4668-BE54-9A1E7A4F7556}") = "Catalog.Core", "src\Services\CatalogService\Catalog.Core\Catalog.Core.csproj", "{00319CEE-F45D-4072-A034-C617CC3C73FA}"
EndProject
Project("{9A19103F-16F7-4668-BE54-9A1E7A4F7556}") = "Catalog.API", "src\Services\CatalogService\Catalog.API\Catalog.API.csproj", "{F8667F96-0679-43CF-9535-96CDBD33ADA5}"
EndProject
Project("{9A19103F-16F7-4668-BE54-9A1E7A4F7556}") = "Catalog.Application", "src\Services\CatalogService\Catalog.Application\Catalog.Application.csproj", "{FDC08795-EEA4-4CE6-AC09-33DF0E398A05}"
EndProject
Project("{9A19103F-16F7-4668-BE54-9A1E7A4F7556}") = "Catalog.Infrastructure", "src\Services\CatalogService\Catalog.Infrastructure\Catalog.Infrastructure.csproj", "{2C6749CA-61D6-4DEE-B5DA-4E4862C0F9EE}"
EndProject
Project("{2150E333-8FDC-42A3-9474-1A3956D46DE8}") = "Common", "Common", "{117B55EB-0B14-4B6A-8466-08D925CFEACC}"
EndProject
Project("{9A19103F-16F7-4668-BE54-9A1E7A4F7556}") = "Common", "src\Common\Common\Common.csproj", "{C19277DA-9D01-454C-ABDE-AA5B1EB93013}"
EndProject
Project("{9A19103F-16F7-4668-BE54-9A1E7A4F7556}") = "Common.Api", "src\Common\Common.Api\Common.Api.csproj", "{E0350C2A-3975-4F1D-B157-118C3E13C75F}"
EndProject
Project("{2150E333-8FDC-42A3-9474-1A3956D46DE8}") = "IdentityService", "IdentityService", "{4E6579D6-A8EA-4952-91A7-202F61FCCE0B}"
EndProject
Project("{9A19103F-16F7-4668-BE54-9A1E7A4F7556}") = "IdentityService.Admin", "src\Services\IdentityService\IdentityService.Admin\IdentityService.Admin.csproj", "{5BF6F1A3-DD99-453A-9529-CB05BC17BF89}"
EndProject
Project("{9A19103F-16F7-4668-BE54-9A1E7A4F7556}") = "IdentityService.Admin.Api", "src\Services\IdentityService\IdentityService.Admin.Api\IdentityService.Admin.Api.csproj", "{2B29F50F-6B64-4615-BC06-6FAC995B51D6}"
EndProject
Project("{9A19103F-16F7-4668-BE54-9A1E7A4F7556}") = "IdentityService.Admin.EntityFramework.PostgreSQL", "src\Services\IdentityService\IdentityService.Admin.EntityFramework.PostgreSQL\IdentityService.Admin.EntityFramework.PostgreSQL.csproj", "{64E07E28-572B-4214-8879-5ACD27984B8F}"
EndProject
Project("{9A19103F-16F7-4668-BE54-9A1E7A4F7556}") = "IdentityService.Admin.EntityFramework.Shared", "src\Services\IdentityService\IdentityService.Admin.EntityFramework.Shared\IdentityService.Admin.EntityFramework.Shared.csproj", "{6F716E8B-9AA1-4385-84E4-AA906675175A}"
EndProject
Project("{9A19103F-16F7-4668-BE54-9A1E7A4F7556}") = "IdentityService.Shared", "src\Services\IdentityService\IdentityService.Shared\IdentityService.Shared.csproj", "{46357D20-F008-4672-B665-1B5FBEBFB4A5}"
EndProject
Project("{9A19103F-16F7-4668-BE54-9A1E7A4F7556}") = "IdentityService.STS.Identity", "src\Services\IdentityService\IdentityService.STS.Identity\IdentityService.STS.Identity.csproj", "{AEF7CC07-04E0-47B4-AE65-60C47940E526}"
EndProject
Global
	GlobalSection(SolutionConfigurationPlatforms) = preSolution
		Debug|Any CPU = Debug|Any CPU
		Release|Any CPU = Release|Any CPU
	EndGlobalSection
	GlobalSection(ProjectConfigurationPlatforms) = postSolution
		{398CA54E-6CED-4343-A0F2-D9E0B4273E9A}.Debug|Any CPU.ActiveCfg = Debug|Any CPU
		{398CA54E-6CED-4343-A0F2-D9E0B4273E9A}.Debug|Any CPU.Build.0 = Debug|Any CPU
		{398CA54E-6CED-4343-A0F2-D9E0B4273E9A}.Release|Any CPU.ActiveCfg = Release|Any CPU
		{398CA54E-6CED-4343-A0F2-D9E0B4273E9A}.Release|Any CPU.Build.0 = Release|Any CPU
		{269B4A35-A230-4B1E-B7CB-0D8C62FDAF68}.Debug|Any CPU.ActiveCfg = Debug|Any CPU
		{269B4A35-A230-4B1E-B7CB-0D8C62FDAF68}.Debug|Any CPU.Build.0 = Debug|Any CPU
		{269B4A35-A230-4B1E-B7CB-0D8C62FDAF68}.Release|Any CPU.ActiveCfg = Release|Any CPU
		{269B4A35-A230-4B1E-B7CB-0D8C62FDAF68}.Release|Any CPU.Build.0 = Release|Any CPU
		{899FA415-8926-4E67-9523-24316AFED598}.Debug|Any CPU.ActiveCfg = Debug|Any CPU
		{899FA415-8926-4E67-9523-24316AFED598}.Debug|Any CPU.Build.0 = Debug|Any CPU
		{899FA415-8926-4E67-9523-24316AFED598}.Release|Any CPU.ActiveCfg = Release|Any CPU
		{899FA415-8926-4E67-9523-24316AFED598}.Release|Any CPU.Build.0 = Release|Any CPU
		{B6F0B294-76CF-41A0-A13D-F17B2D85C1AC}.Debug|Any CPU.ActiveCfg = Debug|Any CPU
		{B6F0B294-76CF-41A0-A13D-F17B2D85C1AC}.Debug|Any CPU.Build.0 = Debug|Any CPU
		{B6F0B294-76CF-41A0-A13D-F17B2D85C1AC}.Release|Any CPU.ActiveCfg = Release|Any CPU
		{B6F0B294-76CF-41A0-A13D-F17B2D85C1AC}.Release|Any CPU.Build.0 = Release|Any CPU
		{2C23EB09-612F-433C-A378-604AFD0E74EF}.Debug|Any CPU.ActiveCfg = Debug|Any CPU
		{2C23EB09-612F-433C-A378-604AFD0E74EF}.Debug|Any CPU.Build.0 = Debug|Any CPU
		{2C23EB09-612F-433C-A378-604AFD0E74EF}.Release|Any CPU.ActiveCfg = Release|Any CPU
		{2C23EB09-612F-433C-A378-604AFD0E74EF}.Release|Any CPU.Build.0 = Release|Any CPU
		{00319CEE-F45D-4072-A034-C617CC3C73FA}.Debug|Any CPU.ActiveCfg = Debug|Any CPU
		{00319CEE-F45D-4072-A034-C617CC3C73FA}.Debug|Any CPU.Build.0 = Debug|Any CPU
		{00319CEE-F45D-4072-A034-C617CC3C73FA}.Release|Any CPU.ActiveCfg = Release|Any CPU
		{00319CEE-F45D-4072-A034-C617CC3C73FA}.Release|Any CPU.Build.0 = Release|Any CPU
		{F8667F96-0679-43CF-9535-96CDBD33ADA5}.Debug|Any CPU.ActiveCfg = Debug|Any CPU
		{F8667F96-0679-43CF-9535-96CDBD33ADA5}.Debug|Any CPU.Build.0 = Debug|Any CPU
		{F8667F96-0679-43CF-9535-96CDBD33ADA5}.Release|Any CPU.ActiveCfg = Release|Any CPU
		{F8667F96-0679-43CF-9535-96CDBD33ADA5}.Release|Any CPU.Build.0 = Release|Any CPU
		{FDC08795-EEA4-4CE6-AC09-33DF0E398A05}.Debug|Any CPU.ActiveCfg = Debug|Any CPU
		{FDC08795-EEA4-4CE6-AC09-33DF0E398A05}.Debug|Any CPU.Build.0 = Debug|Any CPU
		{FDC08795-EEA4-4CE6-AC09-33DF0E398A05}.Release|Any CPU.ActiveCfg = Release|Any CPU
		{FDC08795-EEA4-4CE6-AC09-33DF0E398A05}.Release|Any CPU.Build.0 = Release|Any CPU
		{2C6749CA-61D6-4DEE-B5DA-4E4862C0F9EE}.Debug|Any CPU.ActiveCfg = Debug|Any CPU
		{2C6749CA-61D6-4DEE-B5DA-4E4862C0F9EE}.Debug|Any CPU.Build.0 = Debug|Any CPU
		{2C6749CA-61D6-4DEE-B5DA-4E4862C0F9EE}.Release|Any CPU.ActiveCfg = Release|Any CPU
		{2C6749CA-61D6-4DEE-B5DA-4E4862C0F9EE}.Release|Any CPU.Build.0 = Release|Any CPU
		{C19277DA-9D01-454C-ABDE-AA5B1EB93013}.Debug|Any CPU.ActiveCfg = Debug|Any CPU
		{C19277DA-9D01-454C-ABDE-AA5B1EB93013}.Debug|Any CPU.Build.0 = Debug|Any CPU
		{C19277DA-9D01-454C-ABDE-AA5B1EB93013}.Release|Any CPU.ActiveCfg = Release|Any CPU
		{C19277DA-9D01-454C-ABDE-AA5B1EB93013}.Release|Any CPU.Build.0 = Release|Any CPU
		{E0350C2A-3975-4F1D-B157-118C3E13C75F}.Debug|Any CPU.ActiveCfg = Debug|Any CPU
		{E0350C2A-3975-4F1D-B157-118C3E13C75F}.Debug|Any CPU.Build.0 = Debug|Any CPU
		{E0350C2A-3975-4F1D-B157-118C3E13C75F}.Release|Any CPU.ActiveCfg = Release|Any CPU
		{E0350C2A-3975-4F1D-B157-118C3E13C75F}.Release|Any CPU.Build.0 = Release|Any CPU
		{5BF6F1A3-DD99-453A-9529-CB05BC17BF89}.Debug|Any CPU.ActiveCfg = Debug|Any CPU
		{5BF6F1A3-DD99-453A-9529-CB05BC17BF89}.Debug|Any CPU.Build.0 = Debug|Any CPU
		{5BF6F1A3-DD99-453A-9529-CB05BC17BF89}.Release|Any CPU.ActiveCfg = Release|Any CPU
		{5BF6F1A3-DD99-453A-9529-CB05BC17BF89}.Release|Any CPU.Build.0 = Release|Any CPU
		{2B29F50F-6B64-4615-BC06-6FAC995B51D6}.Debug|Any CPU.ActiveCfg = Debug|Any CPU
		{2B29F50F-6B64-4615-BC06-6FAC995B51D6}.Debug|Any CPU.Build.0 = Debug|Any CPU
		{2B29F50F-6B64-4615-BC06-6FAC995B51D6}.Release|Any CPU.ActiveCfg = Release|Any CPU
		{2B29F50F-6B64-4615-BC06-6FAC995B51D6}.Release|Any CPU.Build.0 = Release|Any CPU
		{64E07E28-572B-4214-8879-5ACD27984B8F}.Debug|Any CPU.ActiveCfg = Debug|Any CPU
		{64E07E28-572B-4214-8879-5ACD27984B8F}.Debug|Any CPU.Build.0 = Debug|Any CPU
		{64E07E28-572B-4214-8879-5ACD27984B8F}.Release|Any CPU.ActiveCfg = Release|Any CPU
		{64E07E28-572B-4214-8879-5ACD27984B8F}.Release|Any CPU.Build.0 = Release|Any CPU
		{6F716E8B-9AA1-4385-84E4-AA906675175A}.Debug|Any CPU.ActiveCfg = Debug|Any CPU
		{6F716E8B-9AA1-4385-84E4-AA906675175A}.Debug|Any CPU.Build.0 = Debug|Any CPU
		{6F716E8B-9AA1-4385-84E4-AA906675175A}.Release|Any CPU.ActiveCfg = Release|Any CPU
		{6F716E8B-9AA1-4385-84E4-AA906675175A}.Release|Any CPU.Build.0 = Release|Any CPU
		{46357D20-F008-4672-B665-1B5FBEBFB4A5}.Debug|Any CPU.ActiveCfg = Debug|Any CPU
		{46357D20-F008-4672-B665-1B5FBEBFB4A5}.Debug|Any CPU.Build.0 = Debug|Any CPU
		{46357D20-F008-4672-B665-1B5FBEBFB4A5}.Release|Any CPU.ActiveCfg = Release|Any CPU
		{46357D20-F008-4672-B665-1B5FBEBFB4A5}.Release|Any CPU.Build.0 = Release|Any CPU
		{AEF7CC07-04E0-47B4-AE65-60C47940E526}.Debug|Any CPU.ActiveCfg = Debug|Any CPU
		{AEF7CC07-04E0-47B4-AE65-60C47940E526}.Debug|Any CPU.Build.0 = Debug|Any CPU
		{AEF7CC07-04E0-47B4-AE65-60C47940E526}.Release|Any CPU.ActiveCfg = Release|Any CPU
		{AEF7CC07-04E0-47B4-AE65-60C47940E526}.Release|Any CPU.Build.0 = Release|Any CPU
	EndGlobalSection
	GlobalSection(SolutionProperties) = preSolution
		HideSolutionNode = FALSE
	EndGlobalSection
	GlobalSection(NestedProjects) = preSolution
		{BF813784-B655-4074-B319-6BBCCD5EA574} = {05A2F7B2-A9D7-4B8D-AE85-B7262DC46451}
		{89468468-71AB-4844-8E00-274A036F2EF9} = {BF813784-B655-4074-B319-6BBCCD5EA574}
		{49BC4206-4301-4B9D-B8E2-21F482E71C42} = {BF813784-B655-4074-B319-6BBCCD5EA574}
		{B1AF5E6A-44D2-40EB-A918-E3E4D941BD79} = {BF813784-B655-4074-B319-6BBCCD5EA574}
		{398CA54E-6CED-4343-A0F2-D9E0B4273E9A} = {B1AF5E6A-44D2-40EB-A918-E3E4D941BD79}
		{269B4A35-A230-4B1E-B7CB-0D8C62FDAF68} = {B1AF5E6A-44D2-40EB-A918-E3E4D941BD79}
		{899FA415-8926-4E67-9523-24316AFED598} = {B1AF5E6A-44D2-40EB-A918-E3E4D941BD79}
		{B6F0B294-76CF-41A0-A13D-F17B2D85C1AC} = {B1AF5E6A-44D2-40EB-A918-E3E4D941BD79}
		{2C23EB09-612F-433C-A378-604AFD0E74EF} = {49BC4206-4301-4B9D-B8E2-21F482E71C42}
		{00319CEE-F45D-4072-A034-C617CC3C73FA} = {89468468-71AB-4844-8E00-274A036F2EF9}
		{F8667F96-0679-43CF-9535-96CDBD33ADA5} = {89468468-71AB-4844-8E00-274A036F2EF9}
		{FDC08795-EEA4-4CE6-AC09-33DF0E398A05} = {89468468-71AB-4844-8E00-274A036F2EF9}
		{2C6749CA-61D6-4DEE-B5DA-4E4862C0F9EE} = {89468468-71AB-4844-8E00-274A036F2EF9}
		{117B55EB-0B14-4B6A-8466-08D925CFEACC} = {05A2F7B2-A9D7-4B8D-AE85-B7262DC46451}
		{C19277DA-9D01-454C-ABDE-AA5B1EB93013} = {117B55EB-0B14-4B6A-8466-08D925CFEACC}
		{E0350C2A-3975-4F1D-B157-118C3E13C75F} = {117B55EB-0B14-4B6A-8466-08D925CFEACC}
		{4E6579D6-A8EA-4952-91A7-202F61FCCE0B} = {BF813784-B655-4074-B319-6BBCCD5EA574}
		{5BF6F1A3-DD99-453A-9529-CB05BC17BF89} = {4E6579D6-A8EA-4952-91A7-202F61FCCE0B}
		{2B29F50F-6B64-4615-BC06-6FAC995B51D6} = {4E6579D6-A8EA-4952-91A7-202F61FCCE0B}
		{64E07E28-572B-4214-8879-5ACD27984B8F} = {4E6579D6-A8EA-4952-91A7-202F61FCCE0B}
		{6F716E8B-9AA1-4385-84E4-AA906675175A} = {4E6579D6-A8EA-4952-91A7-202F61FCCE0B}
		{46357D20-F008-4672-B665-1B5FBEBFB4A5} = {4E6579D6-A8EA-4952-91A7-202F61FCCE0B}
		{AEF7CC07-04E0-47B4-AE65-60C47940E526} = {4E6579D6-A8EA-4952-91A7-202F61FCCE0B}
	EndGlobalSection
	GlobalSection(ExtensibilityGlobals) = postSolution
		SolutionGuid = {7E81A558-FF82-46E4-A1EF-B2B69DEEA119}
	EndGlobalSection
EndGlobal
